PODS:
  - CMDQueryStringSerialization (0.4.1):
    - ISO8601
  - Expecta (1.0.0)
  - ISO8601 (0.5.0)
  - Nocilla (0.9.0)
  - OCMock (2.2.4)
  - Specta (1.0.0)
  - SSKeychain (1.2.3)
  - VENCore (3.1.3):
    - CMDQueryStringSerialization (~> 0.4)

DEPENDENCIES:
  - CMDQueryStringSerialization (~> 0.4)
  - Expecta
  - Nocilla
  - OCMock (~> 2.2.4)
  - Specta
  - SSKeychain (~> 1.2.3)
  - VENCore (~> 3.1.3)

SPEC CHECKSUMS:
  CMDQueryStringSerialization: 4bb0a2f5e7d8d8678d911d88072274952cbef4e5
  Expecta: 32604574add2c46a36f8d2f716b6c5736eb75024
  ISO8601: 25d7a973fa8daf31a50bbd0401d2e7b98e8a7df3
  Nocilla: d7d96e8a11e363f0d7c976d48b320c43d61fb471
  OCMock: a6a7dc0e3997fb9f35d99f72528698ebf60d64f2
  Specta: 96fe05fe5c7348b5223f85e862904f6e832abb14
  SSKeychain: 3f42991739c6c60a9cf1bbd4dff6c0d3694bcf3d
  VENCore: aa90ed1fb24a4d5410300bffa32ca946530b28e3

COCOAPODS: 0.39.0
